
Microsoft Visual Studio Solution File, Format Version 12.00
# Visual Studio Version 17
VisualStudioVersion = 17.11.35327.3
MinimumVisualStudioVersion = 10.0.40219.1
Project("{FAE04EC0-301F-11D3-BF4B-00C04F79EFBC}") = "Animal Hierarchy", "Animal Hierarchy\Animal Hierarchy.csproj", "{69D8FB99-67D7-48FB-AD17-A5D7D1DCC2D4}"
EndProject
Global
	GlobalSection(SolutionConfigurationPlatforms) = preSolution
		Debug|Any CPU = Debug|Any CPU
		Release|Any CPU = Release|Any CPU
	EndGlobalSection
	GlobalSection(ProjectConfigurationPlatforms) = postSolution
		{69D8FB99-67D7-48FB-AD17-A5D7D1DCC2D4}.Debug|Any CPU.ActiveCfg = Debug|Any CPU
		{69D8FB99-67D7-48FB-AD17-A5D7D1DCC2D4}.Debug|Any CPU.Build.0 = Debug|Any CPU
		{69D8FB99-67D7-48FB-AD17-A5D7D1DCC2D4}.Release|Any CPU.ActiveCfg = Release|Any CPU
		{69D8FB99-67D7-48FB-AD17-A5D7D1DCC2D4}.Release|Any CPU.Build.0 = Release|Any CPU
	EndGlobalSection
	GlobalSection(SolutionProperties) = preSolution
		HideSolutionNode = FALSE
	EndGlobalSection
	GlobalSection(ExtensibilityGlobals) = postSolution
		SolutionGuid = {00CCC76E-A103-45A9-A3F6-6D3C99939BE5}
	EndGlobalSection
EndGlobal
